
Microsoft Visual Studio Solution File, Format Version 12.00
# Visual Studio Version 17
VisualStudioVersion = 17.8.34525.116
MinimumVisualStudioVersion = 10.0.40219.1
Project("{9A19103F-16F7-4668-BE54-9A1E7A4F7556}") = "GatewayService", "GatewayService\GatewayService.csproj", "{D45B933D-2360-40D7-9ED8-D0E4014724DC}"
EndProject
Project("{9A19103F-16F7-4668-BE54-9A1E7A4F7556}") = "Test", "Test\Test.csproj", "{EA8E87DC-0E43-4334-B3A9-B32296EC51A2}"
EndProject
Project("{9A19103F-16F7-4668-BE54-9A1E7A4F7556}") = "MessageHelper", "MessageHelper\MessageHelper.csproj", "{3C2D4AA3-CEA7-4027-90CE-D51028F02FDB}"
EndProject
Project("{9A19103F-16F7-4668-BE54-9A1E7A4F7556}") = "Entities", "Entities\Entities.csproj", "{621A0149-19B2-46F1-A2F4-B673550ED09D}"
EndProject
Global
	GlobalSection(SolutionConfigurationPlatforms) = preSolution
		Debug|Any CPU = Debug|Any CPU
		Release|Any CPU = Release|Any CPU
	EndGlobalSection
	GlobalSection(ProjectConfigurationPlatforms) = postSolution
		{D45B933D-2360-40D7-9ED8-D0E4014724DC}.Debug|Any CPU.ActiveCfg = Debug|Any CPU
		{D45B933D-2360-40D7-9ED8-D0E4014724DC}.Debug|Any CPU.Build.0 = Debug|Any CPU
		{D45B933D-2360-40D7-9ED8-D0E4014724DC}.Release|Any CPU.ActiveCfg = Release|Any CPU
		{D45B933D-2360-40D7-9ED8-D0E4014724DC}.Release|Any CPU.Build.0 = Release|Any CPU
		{EA8E87DC-0E43-4334-B3A9-B32296EC51A2}.Debug|Any CPU.ActiveCfg = Debug|Any CPU
		{EA8E87DC-0E43-4334-B3A9-B32296EC51A2}.Debug|Any CPU.Build.0 = Debug|Any CPU
		{EA8E87DC-0E43-4334-B3A9-B32296EC51A2}.Release|Any CPU.ActiveCfg = Release|Any CPU
		{EA8E87DC-0E43-4334-B3A9-B32296EC51A2}.Release|Any CPU.Build.0 = Release|Any CPU
		{3C2D4AA3-CEA7-4027-90CE-D51028F02FDB}.Debug|Any CPU.ActiveCfg = Debug|Any CPU
		{3C2D4AA3-CEA7-4027-90CE-D51028F02FDB}.Debug|Any CPU.Build.0 = Debug|Any CPU
		{3C2D4AA3-CEA7-4027-90CE-D51028F02FDB}.Release|Any CPU.ActiveCfg = Release|Any CPU
		{3C2D4AA3-CEA7-4027-90CE-D51028F02FDB}.Release|Any CPU.Build.0 = Release|Any CPU
		{621A0149-19B2-46F1-A2F4-B673550ED09D}.Debug|Any CPU.ActiveCfg = Debug|Any CPU
		{621A0149-19B2-46F1-A2F4-B673550ED09D}.Debug|Any CPU.Build.0 = Debug|Any CPU
		{621A0149-19B2-46F1-A2F4-B673550ED09D}.Release|Any CPU.ActiveCfg = Release|Any CPU
		{621A0149-19B2-46F1-A2F4-B673550ED09D}.Release|Any CPU.Build.0 = Release|Any CPU
	EndGlobalSection
	GlobalSection(SolutionProperties) = preSolution
		HideSolutionNode = FALSE
	EndGlobalSection
	GlobalSection(ExtensibilityGlobals) = postSolution
		SolutionGuid = {879C2847-4911-43DA-835C-0210745D3ED7}
	EndGlobalSection
EndGlobal
